// !$*UTF8*$!
{
	archiveVersion = 1;
	classes = {
	};
	objectVersion = 55;
	objects = {

/* Begin PBXBuildFile section */
		C1EA07BE2858F89600E037DD /* AppDelegate.swift in Sources */ = {isa = PBXBuildFile; fileRef = C1EA07BD2858F89600E037DD /* AppDelegate.swift */; };
		C1EA07C02858F89600E037DD /* SceneDelegate.swift in Sources */ = {isa = PBXBuildFile; fileRef = C1EA07BF2858F89600E037DD /* SceneDelegate.swift */; };
		C1EA07C22858F89600E037DD /* ViewController.swift in Sources */ = {isa = PBXBuildFile; fileRef = C1EA07C12858F89600E037DD /* ViewController.swift */; };
		C1EA07C52858F89600E037DD /* Main.storyboard in Resources */ = {isa = PBXBuildFile; fileRef = C1EA07C32858F89600E037DD /* Main.storyboard */; };
		C1EA07C72858F89800E037DD /* Assets.xcassets in Resources */ = {isa = PBXBuildFile; fileRef = C1EA07C62858F89800E037DD /* Assets.xcassets */; };
		C1EA07CA2858F89800E037DD /* LaunchScreen.storyboard in Resources */ = {isa = PBXBuildFile; fileRef = C1EA07C82858F89800E037DD /* LaunchScreen.storyboard */; };
		C1EA07D52858F89800E037DD /* GitHubpracticeTests.swift in Sources */ = {isa = PBXBuildFile; fileRef = C1EA07D42858F89800E037DD /* GitHubpracticeTests.swift */; };
		C1EA07DF2858F89800E037DD /* GitHubpracticeUITests.swift in Sources */ = {isa = PBXBuildFile; fileRef = C1EA07DE2858F89800E037DD /* GitHubpracticeUITests.swift */; };
		C1EA07E12858F89800E037DD /* GitHubpracticeUITestsLaunchTests.swift in Sources */ = {isa = PBXBuildFile; fileRef = C1EA07E02858F89800E037DD /* GitHubpracticeUITestsLaunchTests.swift */; };
/* End PBXBuildFile section */

/* Begin PBXContainerItemProxy section */
		C1EA07D12858F89800E037DD /* PBXContainerItemProxy */ = {
			isa = PBXContainerItemProxy;
			containerPortal = C1EA07B22858F89600E037DD /* Project object */;
			proxyType = 1;
			remoteGlobalIDString = C1EA07B92858F89600E037DD;
			remoteInfo = GitHubpractice;
		};
		C1EA07DB2858F89800E037DD /* PBXContainerItemProxy */ = {
			isa = PBXContainerItemProxy;
			containerPortal = C1EA07B22858F89600E037DD /* Project object */;
			proxyType = 1;
			remoteGlobalIDString = C1EA07B92858F89600E037DD;
			remoteInfo = GitHubpractice;
		};
/* End PBXContainerItemProxy section */

/* Begin PBXFileReference section */
		C1EA07BA2858F89600E037DD /* GitHubpractice.app */ = {isa = PBXFileReference; explicitFileType = wrapper.application; includeInIndex = 0; path = GitHubpractice.app; sourceTree = BUILT_PRODUCTS_DIR; };
		C1EA07BD2858F89600E037DD /* AppDelegate.swift */ = {isa = PBXFileReference; lastKnownFileType = sourcecode.swift; path = AppDelegate.swift; sourceTree = "<group>"; };
		C1EA07BF2858F89600E037DD /* SceneDelegate.swift */ = {isa = PBXFileReference; lastKnownFileType = sourcecode.swift; path = SceneDelegate.swift; sourceTree = "<group>"; };
		C1EA07C12858F89600E037DD /* ViewController.swift */ = {isa = PBXFileReference; lastKnownFileType = sourcecode.swift; path = ViewController.swift; sourceTree = "<group>"; };
		C1EA07C42858F89600E037DD /* Base */ = {isa = PBXFileReference; lastKnownFileType = file.storyboard; name = Base; path = Base.lproj/Main.storyboard; sourceTree = "<group>"; };
		C1EA07C62858F89800E037DD /* Assets.xcassets */ = {isa = PBXFileReference; lastKnownFileType = folder.assetcatalog; path = Assets.xcassets; sourceTree = "<group>"; };
		C1EA07C92858F89800E037DD /* Base */ = {isa = PBXFileReference; lastKnownFileType = file.storyboard; name = Base; path = Base.lproj/LaunchScreen.storyboard; sourceTree = "<group>"; };
		C1EA07CB2858F89800E037DD /* Info.plist */ = {isa = PBXFileReference; lastKnownFileType = text.plist.xml; path = Info.plist; sourceTree = "<group>"; };
		C1EA07D02858F89800E037DD /* GitHubpracticeTests.xctest */ = {isa = PBXFileReference; explicitFileType = wrapper.cfbundle; includeInIndex = 0; path = GitHubpracticeTests.xctest; sourceTree = BUILT_PRODUCTS_DIR; };
		C1EA07D42858F89800E037DD /* GitHubpracticeTests.swift */ = {isa = PBXFileReference; lastKnownFileType = sourcecode.swift; path = GitHubpracticeTests.swift; sourceTree = "<group>"; };
		C1EA07DA2858F89800E037DD /* GitHubpracticeUITests.xctest */ = {isa = PBXFileReference; explicitFileType = wrapper.cfbundle; includeInIndex = 0; path = GitHubpracticeUITests.xctest; sourceTree = BUILT_PRODUCTS_DIR; };
		C1EA07DE2858F89800E037DD /* GitHubpracticeUITests.swift */ = {isa = PBXFileReference; lastKnownFileType = sourcecode.swift; path = GitHubpracticeUITests.swift; sourceTree = "<group>"; };
		C1EA07E02858F89800E037DD /* GitHubpracticeUITestsLaunchTests.swift */ = {isa = PBXFileReference; lastKnownFileType = sourcecode.swift; path = GitHubpracticeUITestsLaunchTests.swift; sourceTree = "<group>"; };
/* End PBXFileReference section */

/* Begin PBXFrameworksBuildPhase section */
		C1EA07B72858F89600E037DD /* Frameworks */ = {
			isa = PBXFrameworksBuildPhase;
			buildActionMask = 2147483647;
			files = (
			);
			runOnlyForDeploymentPostprocessing = 0;
		};
		C1EA07CD2858F89800E037DD /* Frameworks */ = {
			isa = PBXFrameworksBuildPhase;
			buildActionMask = 2147483647;
			files = (
			);
			runOnlyForDeploymentPostprocessing = 0;
		};
		C1EA07D72858F89800E037DD /* Frameworks */ = {
			isa = PBXFrameworksBuildPhase;
			buildActionMask = 2147483647;
			files = (
			);
			runOnlyForDeploymentPostprocessing = 0;
		};
/* End PBXFrameworksBuildPhase section */

/* Begin PBXGroup section */
		C1EA07B12858F89600E037DD = {
			isa = PBXGroup;
			children = (
				C1EA07BC2858F89600E037DD /* GitHubpractice */,
				C1EA07D32858F89800E037DD /* GitHubpracticeTests */,
				C1EA07DD2858F89800E037DD /* GitHubpracticeUITests */,
				C1EA07BB2858F89600E037DD /* Products */,
			);
			sourceTree = "<group>";
		};
		C1EA07BB2858F89600E037DD /* Products */ = {
			isa = PBXGroup;
			children = (
				C1EA07BA2858F89600E037DD /* GitHubpractice.app */,
				C1EA07D02858F89800E037DD /* GitHubpracticeTests.xctest */,
				C1EA07DA2858F89800E037DD /* GitHubpracticeUITests.xctest */,
			);
			name = Products;
			sourceTree = "<group>";
		};
		C1EA07BC2858F89600E037DD /* GitHubpractice */ = {
			isa = PBXGroup;
			children = (
				C1EA07BD2858F89600E037DD /* AppDelegate.swift */,
				C1EA07BF2858F89600E037DD /* SceneDelegate.swift */,
				C1EA07C12858F89600E037DD /* ViewController.swift */,
				C1EA07C32858F89600E037DD /* Main.storyboard */,
				C1EA07C62858F89800E037DD /* Assets.xcassets */,
				C1EA07C82858F89800E037DD /* LaunchScreen.storyboard */,
				C1EA07CB2858F89800E037DD /* Info.plist */,
			);
			path = GitHubpractice;
			sourceTree = "<group>";
		};
		C1EA07D32858F89800E037DD /* GitHubpracticeTests */ = {
			isa = PBXGroup;
			children = (
				C1EA07D42858F89800E037DD /* GitHubpracticeTests.swift */,
			);
			path = GitHubpracticeTests;
			sourceTree = "<group>";
		};
		C1EA07DD2858F89800E037DD /* GitHubpracticeUITests */ = {
			isa = PBXGroup;
			children = (
				C1EA07DE2858F89800E037DD /* GitHubpracticeUITests.swift */,
				C1EA07E02858F89800E037DD /* GitHubpracticeUITestsLaunchTests.swift */,
			);
			path = GitHubpracticeUITests;
			sourceTree = "<group>";
		};
/* End PBXGroup section */

/* Begin PBXNativeTarget section */
		C1EA07B92858F89600E037DD /* GitHubpractice */ = {
			isa = PBXNativeTarget;
			buildConfigurationList = C1EA07E42858F89800E037DD /* Build configuration list for PBXNativeTarget "GitHubpractice" */;
			buildPhases = (
				C1EA07B62858F89600E037DD /* Sources */,
				C1EA07B72858F89600E037DD /* Frameworks */,
				C1EA07B82858F89600E037DD /* Resources */,
			);
			buildRules = (
			);
			dependencies = (
			);
			name = GitHubpractice;
			productName = GitHubpractice;
			productReference = C1EA07BA2858F89600E037DD /* GitHubpractice.app */;
			productType = "com.apple.product-type.application";
		};
		C1EA07CF2858F89800E037DD /* GitHubpracticeTests */ = {
			isa = PBXNativeTarget;
			buildConfigurationList = C1EA07E72858F89800E037DD /* Build configuration list for PBXNativeTarget "GitHubpracticeTests" */;
			buildPhases = (
				C1EA07CC2858F89800E037DD /* Sources */,
				C1EA07CD2858F89800E037DD /* Frameworks */,
				C1EA07CE2858F89800E037DD /* Resources */,
			);
			buildRules = (
			);
			dependencies = (
				C1EA07D22858F89800E037DD /* PBXTargetDependency */,
			);
			name = GitHubpracticeTests;
			productName = GitHubpracticeTests;
			productReference = C1EA07D02858F89800E037DD /* GitHubpracticeTests.xctest */;
			productType = "com.apple.product-type.bundle.unit-test";
		};
		C1EA07D92858F89800E037DD /* GitHubpracticeUITests */ = {
			isa = PBXNativeTarget;
			buildConfigurationList = C1EA07EA2858F89800E037DD /* Build configuration list for PBXNativeTarget "GitHubpracticeUITests" */;
			buildPhases = (
				C1EA07D62858F89800E037DD /* Sources */,
				C1EA07D72858F89800E037DD /* Frameworks */,
				C1EA07D82858F89800E037DD /* Resources */,
			);
			buildRules = (
			);
			dependencies = (
				C1EA07DC2858F89800E037DD /* PBXTargetDependency */,
			);
			name = GitHubpracticeUITests;
			productName = GitHubpracticeUITests;
			productReference = C1EA07DA2858F89800E037DD /* GitHubpracticeUITests.xctest */;
			productType = "com.apple.product-type.bundle.ui-testing";
		};
/* End PBXNativeTarget section */

/* Begin PBXProject section */
		C1EA07B22858F89600E037DD /* Project object */ = {
			isa = PBXProject;
			attributes = {
				BuildIndependentTargetsInParallel = 1;
				LastSwiftUpdateCheck = 1340;
				LastUpgradeCheck = 1340;
				TargetAttributes = {
					C1EA07B92858F89600E037DD = {
						CreatedOnToolsVersion = 13.4.1;
					};
					C1EA07CF2858F89800E037DD = {
						CreatedOnToolsVersion = 13.4.1;
						TestTargetID = C1EA07B92858F89600E037DD;
					};
					C1EA07D92858F89800E037DD = {
						CreatedOnToolsVersion = 13.4.1;
						TestTargetID = C1EA07B92858F89600E037DD;
					};
				};
			};
			buildConfigurationList = C1EA07B52858F89600E037DD /* Build configuration list for PBXProject "GitHubpractice" */;
			compatibilityVersion = "Xcode 13.0";
			developmentRegion = en;
			hasScannedForEncodings = 0;
			knownRegions = (
				en,
				Base,
			);
			mainGroup = C1EA07B12858F89600E037DD;
			productRefGroup = C1EA07BB2858F89600E037DD /* Products */;
			projectDirPath = "";
			projectRoot = "";
			targets = (
				C1EA07B92858F89600E037DD /* GitHubpractice */,
				C1EA07CF2858F89800E037DD /* GitHubpracticeTests */,
				C1EA07D92858F89800E037DD /* GitHubpracticeUITests */,
			);
		};
/* End PBXProject section */

/* Begin PBXResourcesBuildPhase section */
		C1EA07B82858F89600E037DD /* Resources */ = {
			isa = PBXResourcesBuildPhase;
			buildActionMask = 2147483647;
			files = (
				C1EA07CA2858F89800E037DD /* LaunchScreen.storyboard in Resources */,
				C1EA07C72858F89800E037DD /* Assets.xcassets in Resources */,
				C1EA07C52858F89600E037DD /* Main.storyboard in Resources */,
			);
			runOnlyForDeploymentPostprocessing = 0;
		};
		C1EA07CE2858F89800E037DD /* Resources */ = {
			isa = PBXResourcesBuildPhase;
			buildActionMask = 2147483647;
			files = (
			);
			runOnlyForDeploymentPostprocessing = 0;
		};
		C1EA07D82858F89800E037DD /* Resources */ = {
			isa = PBXResourcesBuildPhase;
			buildActionMask = 2147483647;
			files = (
			);
			runOnlyForDeploymentPostprocessing = 0;
		};
/* End PBXResourcesBuildPhase section */

/* Begin PBXSourcesBuildPhase section */
		C1EA07B62858F89600E037DD /* Sources */ = {
			isa = PBXSourcesBuildPhase;
			buildActionMask = 2147483647;
			files = (
				C1EA07C22858F89600E037DD /* ViewController.swift in Sources */,
				C1EA07BE2858F89600E037DD /* AppDelegate.swift in Sources */,
				C1EA07C02858F89600E037DD /* SceneDelegate.swift in Sources */,
			);
			runOnlyForDeploymentPostprocessing = 0;
		};
		C1EA07CC2858F89800E037DD /* Sources */ = {
			isa = PBXSourcesBuildPhase;
			buildActionMask = 2147483647;
			files = (
				C1EA07D52858F89800E037DD /* GitHubpracticeTests.swift in Sources */,
			);
			runOnlyForDeploymentPostprocessing = 0;
		};
		C1EA07D62858F89800E037DD /* Sources */ = {
			isa = PBXSourcesBuildPhase;
			buildActionMask = 2147483647;
			files = (
				C1EA07E12858F89800E037DD /* GitHubpracticeUITestsLaunchTests.swift in Sources */,
				C1EA07DF2858F89800E037DD /* GitHubpracticeUITests.swift in Sources */,
			);
			runOnlyForDeploymentPostprocessing = 0;
		};
/* End PBXSourcesBuildPhase section */

/* Begin PBXTargetDependency section */
		C1EA07D22858F89800E037DD /* PBXTargetDependency */ = {
			isa = PBXTargetDependency;
			target = C1EA07B92858F89600E037DD /* GitHubpractice */;
			targetProxy = C1EA07D12858F89800E037DD /* PBXContainerItemProxy */;
		};
		C1EA07DC2858F89800E037DD /* PBXTargetDependency */ = {
			isa = PBXTargetDependency;
			target = C1EA07B92858F89600E037DD /* GitHubpractice */;
			targetProxy = C1EA07DB2858F89800E037DD /* PBXContainerItemProxy */;
		};
/* End PBXTargetDependency section */

/* Begin PBXVariantGroup section */
		C1EA07C32858F89600E037DD /* Main.storyboard */ = {
			isa = PBXVariantGroup;
			children = (
				C1EA07C42858F89600E037DD /* Base */,
			);
			name = Main.storyboard;
			sourceTree = "<group>";
		};
		C1EA07C82858F89800E037DD /* LaunchScreen.storyboard */ = {
			isa = PBXVariantGroup;
			children = (
				C1EA07C92858F89800E037DD /* Base */,
			);
			name = LaunchScreen.storyboard;
			sourceTree = "<group>";
		};
/* End PBXVariantGroup section */

/* Begin XCBuildConfiguration section */
		C1EA07E22858F89800E037DD /* Debug */ = {
			isa = XCBuildConfiguration;
			buildSettings = {
				ALWAYS_SEARCH_USER_PATHS = NO;
				CLANG_ANALYZER_NONNULL = YES;
				CLANG_ANALYZER_NUMBER_OBJECT_CONVERSION = YES_AGGRESSIVE;
				CLANG_CXX_LANGUAGE_STANDARD = "gnu++17";
				CLANG_ENABLE_MODULES = YES;
				CLANG_ENABLE_OBJC_ARC = YES;
				CLANG_ENABLE_OBJC_WEAK = YES;
				CLANG_WARN_BLOCK_CAPTURE_AUTORELEASING = YES;
				CLANG_WARN_BOOL_CONVERSION = YES;
				CLANG_WARN_COMMA = YES;
				CLANG_WARN_CONSTANT_CONVERSION = YES;
				CLANG_WARN_DEPRECATED_OBJC_IMPLEMENTATIONS = YES;
				CLANG_WARN_DIRECT_OBJC_ISA_USAGE = YES_ERROR;
				CLANG_WARN_DOCUMENTATION_COMMENTS = YES;
				CLANG_WARN_EMPTY_BODY = YES;
				CLANG_WARN_ENUM_CONVERSION = YES;
				CLANG_WARN_INFINITE_RECURSION = YES;
				CLANG_WARN_INT_CONVERSION = YES;
				CLANG_WARN_NON_LITERAL_NULL_CONVERSION = YES;
				CLANG_WARN_OBJC_IMPLICIT_RETAIN_SELF = YES;
				CLANG_WARN_OBJC_LITERAL_CONVERSION = YES;
				CLANG_WARN_OBJC_ROOT_CLASS = YES_ERROR;
				CLANG_WARN_QUOTED_INCLUDE_IN_FRAMEWORK_HEADER = YES;
				CLANG_WARN_RANGE_LOOP_ANALYSIS = YES;
				CLANG_WARN_STRICT_PROTOTYPES = YES;
				CLANG_WARN_SUSPICIOUS_MOVE = YES;
				CLANG_WARN_UNGUARDED_AVAILABILITY = YES_AGGRESSIVE;
				CLANG_WARN_UNREACHABLE_CODE = YES;
				CLANG_WARN__DUPLICATE_METHOD_MATCH = YES;
				COPY_PHASE_STRIP = NO;
				DEBUG_INFORMATION_FORMAT = dwarf;
				ENABLE_STRICT_OBJC_MSGSEND = YES;
				ENABLE_TESTABILITY = YES;
				GCC_C_LANGUAGE_STANDARD = gnu11;
				GCC_DYNAMIC_NO_PIC = NO;
				GCC_NO_COMMON_BLOCKS = YES;
				GCC_OPTIMIZATION_LEVEL = 0;
				GCC_PREPROCESSOR_DEFINITIONS = (
					"DEBUG=1",
					"$(inherited)",
				);
				GCC_WARN_64_TO_32_BIT_CONVERSION = YES;
				GCC_WARN_ABOUT_RETURN_TYPE = YES_ERROR;
				GCC_WARN_UNDECLARED_SELECTOR = YES;
				GCC_WARN_UNINITIALIZED_AUTOS = YES_AGGRESSIVE;
				GCC_WARN_UNUSED_FUNCTION = YES;
				GCC_WARN_UNUSED_VARIABLE = YES;
				IPHONEOS_DEPLOYMENT_TARGET = 15.5;
				MTL_ENABLE_DEBUG_INFO = INCLUDE_SOURCE;
				MTL_FAST_MATH = YES;
				ONLY_ACTIVE_ARCH = YES;
				SDKROOT = iphoneos;
				SWIFT_ACTIVE_COMPILATION_CONDITIONS = DEBUG;
				SWIFT_OPTIMIZATION_LEVEL = "-Onone";
			};
			name = Debug;
		};
		C1EA07E32858F89800E037DD /* Release */ = {
			isa = XCBuildConfiguration;
			buildSettings = {
				ALWAYS_SEARCH_USER_PATHS = NO;
				CLANG_ANALYZER_NONNULL = YES;
				CLANG_ANALYZER_NUMBER_OBJECT_CONVERSION = YES_AGGRESSIVE;
				CLANG_CXX_LANGUAGE_STANDARD = "gnu++17";
				CLANG_ENABLE_MODULES = YES;
				CLANG_ENABLE_OBJC_ARC = YES;
				CLANG_ENABLE_OBJC_WEAK = YES;
				CLANG_WARN_BLOCK_CAPTURE_AUTORELEASING = YES;
				CLANG_WARN_BOOL_CONVERSION = YES;
				CLANG_WARN_COMMA = YES;
				CLANG_WARN_CONSTANT_CONVERSION = YES;
				CLANG_WARN_DEPRECATED_OBJC_IMPLEMENTATIONS = YES;
				CLANG_WARN_DIRECT_OBJC_ISA_USAGE = YES_ERROR;
				CLANG_WARN_DOCUMENTATION_COMMENTS = YES;
				CLANG_WARN_EMPTY_BODY = YES;
				CLANG_WARN_ENUM_CONVERSION = YES;
				CLANG_WARN_INFINITE_RECURSION = YES;
				CLANG_WARN_INT_CONVERSION = YES;
				CLANG_WARN_NON_LITERAL_NULL_CONVERSION = YES;
				CLANG_WARN_OBJC_IMPLICIT_RETAIN_SELF = YES;
				CLANG_WARN_OBJC_LITERAL_CONVERSION = YES;
				CLANG_WARN_OBJC_ROOT_CLASS = YES_ERROR;
				CLANG_WARN_QUOTED_INCLUDE_IN_FRAMEWORK_HEADER = YES;
				CLANG_WARN_RANGE_LOOP_ANALYSIS = YES;
				CLANG_WARN_STRICT_PROTOTYPES = YES;
				CLANG_WARN_SUSPICIOUS_MOVE = YES;
				CLANG_WARN_UNGUARDED_AVAILABILITY = YES_AGGRESSIVE;
				CLANG_WARN_UNREACHABLE_CODE = YES;
				CLANG_WARN__DUPLICATE_METHOD_MATCH = YES;
				COPY_PHASE_STRIP = NO;
				DEBUG_INFORMATION_FORMAT = "dwarf-with-dsym";
				ENABLE_NS_ASSERTIONS = NO;
				ENABLE_STRICT_OBJC_MSGSEND = YES;
				GCC_C_LANGUAGE_STANDARD = gnu11;
				GCC_NO_COMMON_BLOCKS = YES;
				GCC_WARN_64_TO_32_BIT_CONVERSION = YES;
				GCC_WARN_ABOUT_RETURN_TYPE = YES_ERROR;
				GCC_WARN_UNDECLARED_SELECTOR = YES;
				GCC_WARN_UNINITIALIZED_AUTOS = YES_AGGRESSIVE;
				GCC_WARN_UNUSED_FUNCTION = YES;
				GCC_WARN_UNUSED_VARIABLE = YES;
				IPHONEOS_DEPLOYMENT_TARGET = 15.5;
				MTL_ENABLE_DEBUG_INFO = NO;
				MTL_FAST_MATH = YES;
				SDKROOT = iphoneos;
				SWIFT_COMPILATION_MODE = wholemodule;
				SWIFT_OPTIMIZATION_LEVEL = "-O";
				VALIDATE_PRODUCT = YES;
			};
			name = Release;
		};
		C1EA07E52858F89800E037DD /* Debug */ = {
			isa = XCBuildConfiguration;
			buildSettings = {
				ASSETCATALOG_COMPILER_APPICON_NAME = AppIcon;
				ASSETCATALOG_COMPILER_GLOBAL_ACCENT_COLOR_NAME = AccentColor;
				CODE_SIGN_STYLE = Automatic;
				CURRENT_PROJECT_VERSION = 1;
				GENERATE_INFOPLIST_FILE = YES;
				INFOPLIST_FILE = GitHubpractice/Info.plist;
				INFOPLIST_KEY_UIApplicationSupportsIndirectInputEvents = YES;
				INFOPLIST_KEY_UILaunchStoryboardName = LaunchScreen;
				INFOPLIST_KEY_UIMainStoryboardFile = Main;
				INFOPLIST_KEY_UISupportedInterfaceOrientations_iPad = "UIInterfaceOrientationPortrait UIInterfaceOrientationPortraitUpsideDown UIInterfaceOrientationLandscapeLeft UIInterfaceOrientationLandscapeRight";
				INFOPLIST_KEY_UISupportedInterfaceOrientations_iPhone = "UIInterfaceOrientationPortrait UIInterfaceOrientationLandscapeLeft UIInterfaceOrientationLandscapeRight";
				LD_RUNPATH_SEARCH_PATHS = (
					"$(inherited)",
					"@executable_path/Frameworks",
				);
				MARKETING_VERSION = 1.0;
				PRODUCT_BUNDLE_IDENTIFIER = SamanthaPierotti.GitHubpractice;
				PRODUCT_NAME = "$(TARGET_NAME)";
				SWIFT_EMIT_LOC_STRINGS = YES;
				SWIFT_VERSION = 5.0;
				TARGETED_DEVICE_FAMILY = "1,2";
			};
			name = Debug;
		};
		C1EA07E62858F89800E037DD /* Release */ = {
			isa = XCBuildConfiguration;
			buildSettings = {
				ASSETCATALOG_COMPILER_APPICON_NAME = AppIcon;
				ASSETCATALOG_COMPILER_GLOBAL_ACCENT_COLOR_NAME = AccentColor;
				CODE_SIGN_STYLE = Automatic;
				CURRENT_PROJECT_VERSION = 1;
				GENERATE_INFOPLIST_FILE = YES;
				INFOPLIST_FILE = GitHubpractice/Info.plist;
				INFOPLIST_KEY_UIApplicationSupportsIndirectInputEvents = YES;
				INFOPLIST_KEY_UILaunchStoryboardName = LaunchScreen;
				INFOPLIST_KEY_UIMainStoryboardFile = Main;
				INFOPLIST_KEY_UISupportedInterfaceOrientations_iPad = "UIInterfaceOrientationPortrait UIInterfaceOrientationPortraitUpsideDown UIInterfaceOrientationLandscapeLeft UIInterfaceOrientationLandscapeRight";
				INFOPLIST_KEY_UISupportedInterfaceOrientations_iPhone = "UIInterfaceOrientationPortrait UIInterfaceOrientationLandscapeLeft UIInterfaceOrientationLandscapeRight";
				LD_RUNPATH_SEARCH_PATHS = (
					"$(inherited)",
					"@executable_path/Frameworks",
				);
				MARKETING_VERSION = 1.0;
				PRODUCT_BUNDLE_IDENTIFIER = SamanthaPierotti.GitHubpractice;
				PRODUCT_NAME = "$(TARGET_NAME)";
				SWIFT_EMIT_LOC_STRINGS = YES;
				SWIFT_VERSION = 5.0;
				TARGETED_DEVICE_FAMILY = "1,2";
			};
			name = Release;
		};
		C1EA07E82858F89800E037DD /* Debug */ = {
			isa = XCBuildConfiguration;
			buildSettings = {
				ALWAYS_EMBED_SWIFT_STANDARD_LIBRARIES = YES;
				BUNDLE_LOADER = "$(TEST_HOST)";
				CODE_SIGN_STYLE = Automatic;
				CURRENT_PROJECT_VERSION = 1;
				GENERATE_INFOPLIST_FILE = YES;
				IPHONEOS_DEPLOYMENT_TARGET = 15.5;
				MARKETING_VERSION = 1.0;
				PRODUCT_BUNDLE_IDENTIFIER = SamanthaPierotti.GitHubpracticeTests;
				PRODUCT_NAME = "$(TARGET_NAME)";
				SWIFT_EMIT_LOC_STRINGS = NO;
				SWIFT_VERSION = 5.0;
				TARGETED_DEVICE_FAMILY = "1,2";
				TEST_HOST = "$(BUILT_PRODUCTS_DIR)/GitHubpractice.app/GitHubpractice";
			};
			name = Debug;
		};
		C1EA07E92858F89800E037DD /* Release */ = {
			isa = XCBuildConfiguration;
			buildSettings = {
				ALWAYS_EMBED_SWIFT_STANDARD_LIBRARIES = YES;
				BUNDLE_LOADER = "$(TEST_HOST)";
				CODE_SIGN_STYLE = Automatic;
				CURRENT_PROJECT_VERSION = 1;
				GENERATE_INFOPLIST_FILE = YES;
				IPHONEOS_DEPLOYMENT_TARGET = 15.5;
				MARKETING_VERSION = 1.0;
				PRODUCT_BUNDLE_IDENTIFIER = SamanthaPierotti.GitHubpracticeTests;
				PRODUCT_NAME = "$(TARGET_NAME)";
				SWIFT_EMIT_LOC_STRINGS = NO;
				SWIFT_VERSION = 5.0;
				TARGETED_DEVICE_FAMILY = "1,2";
				TEST_HOST = "$(BUILT_PRODUCTS_DIR)/GitHubpractice.app/GitHubpractice";
			};
			name = Release;
		};
		C1EA07EB2858F89800E037DD /* Debug */ = {
			isa = XCBuildConfiguration;
			buildSettings = {
				ALWAYS_EMBED_SWIFT_STANDARD_LIBRARIES = YES;
				CODE_SIGN_STYLE = Automatic;
				CURRENT_PROJECT_VERSION = 1;
				GENERATE_INFOPLIST_FILE = YES;
				MARKETING_VERSION = 1.0;
				PRODUCT_BUNDLE_IDENTIFIER = SamanthaPierotti.GitHubpracticeUITests;
				PRODUCT_NAME = "$(TARGET_NAME)";
				SWIFT_EMIT_LOC_STRINGS = NO;
				SWIFT_VERSION = 5.0;
				TARGETED_DEVICE_FAMILY = "1,2";
				TEST_TARGET_NAME = GitHubpractice;
			};
			name = Debug;
		};
		C1EA07EC2858F89800E037DD /* Release */ = {
			isa = XCBuildConfiguration;
			buildSettings = {
				ALWAYS_EMBED_SWIFT_STANDARD_LIBRARIES = YES;
				CODE_SIGN_STYLE = Automatic;
				CURRENT_PROJECT_VERSION = 1;
				GENERATE_INFOPLIST_FILE = YES;
				MARKETING_VERSION = 1.0;
				PRODUCT_BUNDLE_IDENTIFIER = SamanthaPierotti.GitHubpracticeUITests;
				PRODUCT_NAME = "$(TARGET_NAME)";
				SWIFT_EMIT_LOC_STRINGS = NO;
				SWIFT_VERSION = 5.0;
				TARGETED_DEVICE_FAMILY = "1,2";
				TEST_TARGET_NAME = GitHubpractice;
			};
			name = Release;
		};
/* End XCBuildConfiguration section */

/* Begin XCConfigurationList section */
		C1EA07B52858F89600E037DD /* Build configuration list for PBXProject "GitHubpractice" */ = {
			isa = XCConfigurationList;
			buildConfigurations = (
				C1EA07E22858F89800E037DD /* Debug */,
				C1EA07E32858F89800E037DD /* Release */,
			);
			defaultConfigurationIsVisible = 0;
			defaultConfigurationName = Release;
		};
		C1EA07E42858F89800E037DD /* Build configuration list for PBXNativeTarget "GitHubpractice" */ = {
			isa = XCConfigurationList;
			buildConfigurations = (
				C1EA07E52858F89800E037DD /* Debug */,
				C1EA07E62858F89800E037DD /* Release */,
			);
			defaultConfigurationIsVisible = 0;
			defaultConfigurationName = Release;
		};
		C1EA07E72858F89800E037DD /* Build configuration list for PBXNativeTarget "GitHubpracticeTests" */ = {
			isa = XCConfigurationList;
			buildConfigurations = (
				C1EA07E82858F89800E037DD /* Debug */,
				C1EA07E92858F89800E037DD /* Release */,
			);
			defaultConfigurationIsVisible = 0;
			defaultConfigurationName = Release;
		};
		C1EA07EA2858F89800E037DD /* Build configuration list for PBXNativeTarget "GitHubpracticeUITests" */ = {
			isa = XCConfigurationList;
			buildConfigurations = (
				C1EA07EB2858F89800E037DD /* Debug */,
				C1EA07EC2858F89800E037DD /* Release */,
			);
			defaultConfigurationIsVisible = 0;
			defaultConfigurationName = Release;
		};
/* End XCConfigurationList section */
	};
	rootObject = C1EA07B22858F89600E037DD /* Project object */;
}
